
Microsoft Visual Studio Solution File, Format Version 12.00
# Visual Studio Version 17
VisualStudioVersion = 17.10.34928.147
MinimumVisualStudioVersion = 10.0.40219.1
Project("{9A19103F-16F7-4668-BE54-9A1E7A4F7556}") = "ReservationService.API", "ReservationService.API\ReservationService.API.csproj", "{860646E0-8B81-40D2-8C76-009091D1B20E}"
EndProject
Project("{9A19103F-16F7-4668-BE54-9A1E7A4F7556}") = "ReservationService.Application", "ReservationService.Application\ReservationService.Application.csproj", "{3B4A3B8C-0A01-4B13-BE6F-073FF6DA2150}"
EndProject
Project("{9A19103F-16F7-4668-BE54-9A1E7A4F7556}") = "ReservationService.Infrastructure", "ReservationService.Infrastructure\ReservationService.Infrastructure.csproj", "{A7F36B80-4271-46EE-AD1D-A4751877318E}"
EndProject
Project("{9A19103F-16F7-4668-BE54-9A1E7A4F7556}") = "ReservationService.Domain", "ReservationService.Domain\ReservationService.Domain.csproj", "{44C43860-35DA-4786-AC7C-2C244AB5E5E3}"
EndProject
Project("{FAE04EC0-301F-11D3-BF4B-00C04F79EFBC}") = "FlashSaleDB", "..\FlashSaleDB\FlashSaleDB\FlashSaleDB.csproj", "{94A848E4-36C4-4425-8379-10832AC10D59}"
EndProject
Global
	GlobalSection(SolutionConfigurationPlatforms) = preSolution
		Debug|Any CPU = Debug|Any CPU
		Release|Any CPU = Release|Any CPU
	EndGlobalSection
	GlobalSection(ProjectConfigurationPlatforms) = postSolution
		{860646E0-8B81-40D2-8C76-009091D1B20E}.Debug|Any CPU.ActiveCfg = Debug|Any CPU
		{860646E0-8B81-40D2-8C76-009091D1B20E}.Debug|Any CPU.Build.0 = Debug|Any CPU
		{860646E0-8B81-40D2-8C76-009091D1B20E}.Release|Any CPU.ActiveCfg = Release|Any CPU
		{860646E0-8B81-40D2-8C76-009091D1B20E}.Release|Any CPU.Build.0 = Release|Any CPU
		{3B4A3B8C-0A01-4B13-BE6F-073FF6DA2150}.Debug|Any CPU.ActiveCfg = Debug|Any CPU
		{3B4A3B8C-0A01-4B13-BE6F-073FF6DA2150}.Debug|Any CPU.Build.0 = Debug|Any CPU
		{3B4A3B8C-0A01-4B13-BE6F-073FF6DA2150}.Release|Any CPU.ActiveCfg = Release|Any CPU
		{3B4A3B8C-0A01-4B13-BE6F-073FF6DA2150}.Release|Any CPU.Build.0 = Release|Any CPU
		{A7F36B80-4271-46EE-AD1D-A4751877318E}.Debug|Any CPU.ActiveCfg = Debug|Any CPU
		{A7F36B80-4271-46EE-AD1D-A4751877318E}.Debug|Any CPU.Build.0 = Debug|Any CPU
		{A7F36B80-4271-46EE-AD1D-A4751877318E}.Release|Any CPU.ActiveCfg = Release|Any CPU
		{A7F36B80-4271-46EE-AD1D-A4751877318E}.Release|Any CPU.Build.0 = Release|Any CPU
		{44C43860-35DA-4786-AC7C-2C244AB5E5E3}.Debug|Any CPU.ActiveCfg = Debug|Any CPU
		{44C43860-35DA-4786-AC7C-2C244AB5E5E3}.Debug|Any CPU.Build.0 = Debug|Any CPU
		{44C43860-35DA-4786-AC7C-2C244AB5E5E3}.Release|Any CPU.ActiveCfg = Release|Any CPU
		{44C43860-35DA-4786-AC7C-2C244AB5E5E3}.Release|Any CPU.Build.0 = Release|Any CPU
		{94A848E4-36C4-4425-8379-10832AC10D59}.Debug|Any CPU.ActiveCfg = Debug|Any CPU
		{94A848E4-36C4-4425-8379-10832AC10D59}.Debug|Any CPU.Build.0 = Debug|Any CPU
		{94A848E4-36C4-4425-8379-10832AC10D59}.Release|Any CPU.ActiveCfg = Release|Any CPU
		{94A848E4-36C4-4425-8379-10832AC10D59}.Release|Any CPU.Build.0 = Release|Any CPU
	EndGlobalSection
	GlobalSection(SolutionProperties) = preSolution
		HideSolutionNode = FALSE
	EndGlobalSection
	GlobalSection(ExtensibilityGlobals) = postSolution
		SolutionGuid = {FDA0179E-3326-4528-94FF-29CD7E961928}
	EndGlobalSection
EndGlobal
